
Microsoft Visual Studio Solution File, Format Version 12.00
# Visual Studio Version 17
VisualStudioVersion = 17.2.32616.157
MinimumVisualStudioVersion = 10.0.40219.1
Project("{FAE04EC0-301F-11D3-BF4B-00C04F79EFBC}") = "Demineur", "Demineur\Demineur.csproj", "{F558C227-A1A8-4CD7-9F24-2EA2413C5B08}"
EndProject
Global
	GlobalSection(SolutionConfigurationPlatforms) = preSolution
		Debug|Any CPU = Debug|Any CPU
		Release|Any CPU = Release|Any CPU
	EndGlobalSection
	GlobalSection(ProjectConfigurationPlatforms) = postSolution
		{F558C227-A1A8-4CD7-9F24-2EA2413C5B08}.Debug|Any CPU.ActiveCfg = Debug|Any CPU
		{F558C227-A1A8-4CD7-9F24-2EA2413C5B08}.Debug|Any CPU.Build.0 = Debug|Any CPU
		{F558C227-A1A8-4CD7-9F24-2EA2413C5B08}.Release|Any CPU.ActiveCfg = Release|Any CPU
		{F558C227-A1A8-4CD7-9F24-2EA2413C5B08}.Release|Any CPU.Build.0 = Release|Any CPU
	EndGlobalSection
	GlobalSection(SolutionProperties) = preSolution
		HideSolutionNode = FALSE
	EndGlobalSection
	GlobalSection(ExtensibilityGlobals) = postSolution
		SolutionGuid = {B99860B1-16BE-41A0-B7D4-2AFF795F3D90}
	EndGlobalSection
EndGlobal
